// !$*UTF8*$!
{
	archiveVersion = 1;
	classes = {
	};
	objectVersion = 46;
	objects = {

/* Begin PBXBuildFile section */
		3B20F8C51E7E37A600DD00C9 /* Habit.swift in Sources */ = {isa = PBXBuildFile; fileRef = 3B20F8C41E7E37A600DD00C9 /* Habit.swift */; };
		3B29B9B21E797B20000EF6BF /* HabitsCollectionViewLayout.swift in Sources */ = {isa = PBXBuildFile; fileRef = 3B29B9B11E797B20000EF6BF /* HabitsCollectionViewLayout.swift */; };
		3B29B9B51E797B3E000EF6BF /* Constants.swift in Sources */ = {isa = PBXBuildFile; fileRef = 3B29B9B41E797B3E000EF6BF /* Constants.swift */; };
		3B29B9BA1E797BF8000EF6BF /* HabitCollectionViewCell.swift in Sources */ = {isa = PBXBuildFile; fileRef = 3B29B9B91E797BF8000EF6BF /* HabitCollectionViewCell.swift */; };
		3B29B9C21E797E3C000EF6BF /* Realm.framework in Frameworks */ = {isa = PBXBuildFile; fileRef = 3BA58E381E78F13F0063A7FE /* Realm.framework */; };
		3B29B9C31E797E3C000EF6BF /* Realm.framework in Embed Frameworks */ = {isa = PBXBuildFile; fileRef = 3BA58E381E78F13F0063A7FE /* Realm.framework */; settings = {ATTRIBUTES = (CodeSignOnCopy, RemoveHeadersOnCopy, ); }; };
		3B29B9C41E797E3C000EF6BF /* RealmSwift.framework in Frameworks */ = {isa = PBXBuildFile; fileRef = 3BA58E391E78F13F0063A7FE /* RealmSwift.framework */; };
		3B29B9C51E797E3C000EF6BF /* RealmSwift.framework in Embed Frameworks */ = {isa = PBXBuildFile; fileRef = 3BA58E391E78F13F0063A7FE /* RealmSwift.framework */; settings = {ATTRIBUTES = (CodeSignOnCopy, RemoveHeadersOnCopy, ); }; };
		3B6769CD1EEEE80700E209B4 /* SnapKit.framework in Frameworks */ = {isa = PBXBuildFile; fileRef = 3B6769CC1EEEE80700E209B4 /* SnapKit.framework */; };
		3B6769CF1EEEE97F00E209B4 /* SnapKit.framework in Frameworks */ = {isa = PBXBuildFile; fileRef = 3B6769CE1EEEE97F00E209B4 /* SnapKit.framework */; };
		3B6769D01EEEE97F00E209B4 /* SnapKit.framework in Embed Frameworks */ = {isa = PBXBuildFile; fileRef = 3B6769CE1EEEE97F00E209B4 /* SnapKit.framework */; settings = {ATTRIBUTES = (CodeSignOnCopy, RemoveHeadersOnCopy, ); }; };
		3BA58E261E78EF0B0063A7FE /* AppDelegate.swift in Sources */ = {isa = PBXBuildFile; fileRef = 3BA58E251E78EF0B0063A7FE /* AppDelegate.swift */; };
		3BA58E281E78EF0B0063A7FE /* HabitsViewController.swift in Sources */ = {isa = PBXBuildFile; fileRef = 3BA58E271E78EF0B0063A7FE /* HabitsViewController.swift */; };
		3BA58E2D1E78EF0B0063A7FE /* Assets.xcassets in Resources */ = {isa = PBXBuildFile; fileRef = 3BA58E2C1E78EF0B0063A7FE /* Assets.xcassets */; };
		3BA58E301E78EF0B0063A7FE /* LaunchScreen.storyboard in Resources */ = {isa = PBXBuildFile; fileRef = 3BA58E2E1E78EF0B0063A7FE /* LaunchScreen.storyboard */; };
		3BC01C291E7F19DD00D2D23D /* HabitEntry.swift in Sources */ = {isa = PBXBuildFile; fileRef = 3BC01C281E7F19DD00D2D23D /* HabitEntry.swift */; };
		3BC01C2B1E7F1AD500D2D23D /* GoalPeriod.swift in Sources */ = {isa = PBXBuildFile; fileRef = 3BC01C2A1E7F1AD500D2D23D /* GoalPeriod.swift */; };
		3BC01C2E1E7F28EB00D2D23D /* AddHabitViewController.swift in Sources */ = {isa = PBXBuildFile; fileRef = 3BC01C2D1E7F28EB00D2D23D /* AddHabitViewController.swift */; };
		3BF2F6BD1E876B3B00F570E6 /* AddHabitNameCollectionViewCell.swift in Sources */ = {isa = PBXBuildFile; fileRef = 3BF2F6BB1E876B3B00F570E6 /* AddHabitNameCollectionViewCell.swift */; };
/* End PBXBuildFile section */

/* Begin PBXCopyFilesBuildPhase section */
		3B29B9C61E797E3C000EF6BF /* Embed Frameworks */ = {
			isa = PBXCopyFilesBuildPhase;
			buildActionMask = 2147483647;
			dstPath = "";
			dstSubfolderSpec = 10;
			files = (
				3B6769D01EEEE97F00E209B4 /* SnapKit.framework in Embed Frameworks */,
				3B29B9C51E797E3C000EF6BF /* RealmSwift.framework in Embed Frameworks */,
				3B29B9C31E797E3C000EF6BF /* Realm.framework in Embed Frameworks */,
			);
			name = "Embed Frameworks";
			runOnlyForDeploymentPostprocessing = 0;
		};
/* End PBXCopyFilesBuildPhase section */

/* Begin PBXFileReference section */
		3B20F8C41E7E37A600DD00C9 /* Habit.swift */ = {isa = PBXFileReference; fileEncoding = 4; lastKnownFileType = sourcecode.swift; path = Habit.swift; sourceTree = "<group>"; };
		3B29B9B11E797B20000EF6BF /* HabitsCollectionViewLayout.swift */ = {isa = PBXFileReference; fileEncoding = 4; lastKnownFileType = sourcecode.swift; path = HabitsCollectionViewLayout.swift; sourceTree = "<group>"; };
		3B29B9B41E797B3E000EF6BF /* Constants.swift */ = {isa = PBXFileReference; fileEncoding = 4; lastKnownFileType = sourcecode.swift; path = Constants.swift; sourceTree = "<group>"; };
		3B29B9B91E797BF8000EF6BF /* HabitCollectionViewCell.swift */ = {isa = PBXFileReference; fileEncoding = 4; lastKnownFileType = sourcecode.swift; path = HabitCollectionViewCell.swift; sourceTree = "<group>"; };
		3B6769CC1EEEE80700E209B4 /* SnapKit.framework */ = {isa = PBXFileReference; lastKnownFileType = wrapper.framework; name = SnapKit.framework; path = Carthage/Build/iOS/SnapKit.framework; sourceTree = "<group>"; };
		3B6769CE1EEEE97F00E209B4 /* SnapKit.framework */ = {isa = PBXFileReference; lastKnownFileType = wrapper.framework; name = SnapKit.framework; path = Carthage/Build/iOS/SnapKit.framework; sourceTree = "<group>"; };
		3BA58E221E78EF0B0063A7FE /* slacker-tracker-swift.app */ = {isa = PBXFileReference; explicitFileType = wrapper.application; includeInIndex = 0; path = "slacker-tracker-swift.app"; sourceTree = BUILT_PRODUCTS_DIR; };
		3BA58E251E78EF0B0063A7FE /* AppDelegate.swift */ = {isa = PBXFileReference; lastKnownFileType = sourcecode.swift; path = AppDelegate.swift; sourceTree = "<group>"; };
		3BA58E271E78EF0B0063A7FE /* HabitsViewController.swift */ = {isa = PBXFileReference; lastKnownFileType = sourcecode.swift; path = HabitsViewController.swift; sourceTree = "<group>"; };
		3BA58E2C1E78EF0B0063A7FE /* Assets.xcassets */ = {isa = PBXFileReference; lastKnownFileType = folder.assetcatalog; path = Assets.xcassets; sourceTree = "<group>"; };
		3BA58E2F1E78EF0B0063A7FE /* Base */ = {isa = PBXFileReference; lastKnownFileType = file.storyboard; name = Base; path = Base.lproj/LaunchScreen.storyboard; sourceTree = "<group>"; };
		3BA58E311E78EF0B0063A7FE /* Info.plist */ = {isa = PBXFileReference; lastKnownFileType = text.plist.xml; path = Info.plist; sourceTree = "<group>"; };
		3BA58E381E78F13F0063A7FE /* Realm.framework */ = {isa = PBXFileReference; lastKnownFileType = wrapper.framework; name = Realm.framework; path = Carthage/Build/iOS/Realm.framework; sourceTree = "<group>"; };
		3BA58E391E78F13F0063A7FE /* RealmSwift.framework */ = {isa = PBXFileReference; lastKnownFileType = wrapper.framework; name = RealmSwift.framework; path = Carthage/Build/iOS/RealmSwift.framework; sourceTree = "<group>"; };
		3BC01C281E7F19DD00D2D23D /* HabitEntry.swift */ = {isa = PBXFileReference; fileEncoding = 4; lastKnownFileType = sourcecode.swift; path = HabitEntry.swift; sourceTree = "<group>"; };
		3BC01C2A1E7F1AD500D2D23D /* GoalPeriod.swift */ = {isa = PBXFileReference; fileEncoding = 4; lastKnownFileType = sourcecode.swift; path = GoalPeriod.swift; sourceTree = "<group>"; };
		3BC01C2D1E7F28EB00D2D23D /* AddHabitViewController.swift */ = {isa = PBXFileReference; fileEncoding = 4; lastKnownFileType = sourcecode.swift; path = AddHabitViewController.swift; sourceTree = "<group>"; };
		3BF2F6BB1E876B3B00F570E6 /* AddHabitNameCollectionViewCell.swift */ = {isa = PBXFileReference; fileEncoding = 4; lastKnownFileType = sourcecode.swift; path = AddHabitNameCollectionViewCell.swift; sourceTree = "<group>"; };
/* End PBXFileReference section */

/* Begin PBXFrameworksBuildPhase section */
		3BA58E1F1E78EF0B0063A7FE /* Frameworks */ = {
			isa = PBXFrameworksBuildPhase;
			buildActionMask = 2147483647;
			files = (
				3B29B9C41E797E3C000EF6BF /* RealmSwift.framework in Frameworks */,
				3B29B9C21E797E3C000EF6BF /* Realm.framework in Frameworks */,
				3B6769CD1EEEE80700E209B4 /* SnapKit.framework in Frameworks */,
				3B6769CF1EEEE97F00E209B4 /* SnapKit.framework in Frameworks */,
			);
			runOnlyForDeploymentPostprocessing = 0;
		};
/* End PBXFrameworksBuildPhase section */

/* Begin PBXGroup section */
		3B29B9B01E797AE1000EF6BF /* Habits */ = {
			isa = PBXGroup;
			children = (
				3B20F8C41E7E37A600DD00C9 /* Habit.swift */,
				3BC01C2D1E7F28EB00D2D23D /* AddHabitViewController.swift */,
				3BA58E271E78EF0B0063A7FE /* HabitsViewController.swift */,
				3B29B9B11E797B20000EF6BF /* HabitsCollectionViewLayout.swift */,
				3B29B9B91E797BF8000EF6BF /* HabitCollectionViewCell.swift */,
				3BF2F6BB1E876B3B00F570E6 /* AddHabitNameCollectionViewCell.swift */,
			);
			name = Habits;
			sourceTree = "<group>";
		};
		3B29B9B31E797B31000EF6BF /* Misc */ = {
			isa = PBXGroup;
			children = (
				3B29B9B41E797B3E000EF6BF /* Constants.swift */,
				3BC01C2A1E7F1AD500D2D23D /* GoalPeriod.swift */,
			);
			name = Misc;
			sourceTree = "<group>";
		};
		3BA58E191E78EF0B0063A7FE = {
			isa = PBXGroup;
			children = (
				3B6769CE1EEEE97F00E209B4 /* SnapKit.framework */,
				3BA58E241E78EF0B0063A7FE /* slacker-tracker-swift */,
				3BA58E231E78EF0B0063A7FE /* Products */,
				3BA58E371E78F13D0063A7FE /* Frameworks */,
			);
			sourceTree = "<group>";
		};
		3BA58E231E78EF0B0063A7FE /* Products */ = {
			isa = PBXGroup;
			children = (
				3BA58E221E78EF0B0063A7FE /* slacker-tracker-swift.app */,
			);
			name = Products;
			sourceTree = "<group>";
		};
		3BA58E241E78EF0B0063A7FE /* slacker-tracker-swift */ = {
			isa = PBXGroup;
			children = (
				3BC01C2C1E7F288B00D2D23D /* HabitEntry */,
				3B29B9B31E797B31000EF6BF /* Misc */,
				3B29B9B01E797AE1000EF6BF /* Habits */,
				3BA58E251E78EF0B0063A7FE /* AppDelegate.swift */,
				3BA58E2C1E78EF0B0063A7FE /* Assets.xcassets */,
				3BA58E2E1E78EF0B0063A7FE /* LaunchScreen.storyboard */,
				3BA58E311E78EF0B0063A7FE /* Info.plist */,
			);
			path = "slacker-tracker-swift";
			sourceTree = "<group>";
		};
		3BA58E371E78F13D0063A7FE /* Frameworks */ = {
			isa = PBXGroup;
			children = (
				3B6769CC1EEEE80700E209B4 /* SnapKit.framework */,
				3BA58E381E78F13F0063A7FE /* Realm.framework */,
				3BA58E391E78F13F0063A7FE /* RealmSwift.framework */,
			);
			name = Frameworks;
			sourceTree = "<group>";
		};
		3BC01C2C1E7F288B00D2D23D /* HabitEntry */ = {
			isa = PBXGroup;
			children = (
				3BC01C281E7F19DD00D2D23D /* HabitEntry.swift */,
			);
			name = HabitEntry;
			sourceTree = "<group>";
		};
/* End PBXGroup section */

/* Begin PBXNativeTarget section */
		3BA58E211E78EF0B0063A7FE /* slacker-tracker-swift */ = {
			isa = PBXNativeTarget;
			buildConfigurationList = 3BA58E341E78EF0B0063A7FE /* Build configuration list for PBXNativeTarget "slacker-tracker-swift" */;
			buildPhases = (
				3BA58E1E1E78EF0B0063A7FE /* Sources */,
				3BA58E1F1E78EF0B0063A7FE /* Frameworks */,
				3BA58E201E78EF0B0063A7FE /* Resources */,
				3B29B9C61E797E3C000EF6BF /* Embed Frameworks */,
			);
			buildRules = (
			);
			dependencies = (
			);
			name = "slacker-tracker-swift";
			productName = "slacker-tracker-swift";
			productReference = 3BA58E221E78EF0B0063A7FE /* slacker-tracker-swift.app */;
			productType = "com.apple.product-type.application";
		};
/* End PBXNativeTarget section */

/* Begin PBXProject section */
		3BA58E1A1E78EF0B0063A7FE /* Project object */ = {
			isa = PBXProject;
			attributes = {
				LastSwiftUpdateCheck = 0820;
				LastUpgradeCheck = 0820;
				ORGANIZATIONNAME = AlexKatz;
				TargetAttributes = {
					3BA58E211E78EF0B0063A7FE = {
						CreatedOnToolsVersion = 8.2.1;
						DevelopmentTeam = UX2RCP32D2;
						ProvisioningStyle = Automatic;
					};
				};
			};
			buildConfigurationList = 3BA58E1D1E78EF0B0063A7FE /* Build configuration list for PBXProject "slacker-tracker-swift" */;
			compatibilityVersion = "Xcode 3.2";
			developmentRegion = English;
			hasScannedForEncodings = 0;
			knownRegions = (
				en,
				Base,
			);
			mainGroup = 3BA58E191E78EF0B0063A7FE;
			productRefGroup = 3BA58E231E78EF0B0063A7FE /* Products */;
			projectDirPath = "";
			projectRoot = "";
			targets = (
				3BA58E211E78EF0B0063A7FE /* slacker-tracker-swift */,
			);
		};
/* End PBXProject section */

/* Begin PBXResourcesBuildPhase section */
		3BA58E201E78EF0B0063A7FE /* Resources */ = {
			isa = PBXResourcesBuildPhase;
			buildActionMask = 2147483647;
			files = (
				3BA58E301E78EF0B0063A7FE /* LaunchScreen.storyboard in Resources */,
				3BA58E2D1E78EF0B0063A7FE /* Assets.xcassets in Resources */,
			);
			runOnlyForDeploymentPostprocessing = 0;
		};
/* End PBXResourcesBuildPhase section */

/* Begin PBXSourcesBuildPhase section */
		3BA58E1E1E78EF0B0063A7FE /* Sources */ = {
			isa = PBXSourcesBuildPhase;
			buildActionMask = 2147483647;
			files = (
				3BF2F6BD1E876B3B00F570E6 /* AddHabitNameCollectionViewCell.swift in Sources */,
				3BA58E281E78EF0B0063A7FE /* HabitsViewController.swift in Sources */,
				3BA58E261E78EF0B0063A7FE /* AppDelegate.swift in Sources */,
				3B20F8C51E7E37A600DD00C9 /* Habit.swift in Sources */,
				3BC01C2B1E7F1AD500D2D23D /* GoalPeriod.swift in Sources */,
				3B29B9B21E797B20000EF6BF /* HabitsCollectionViewLayout.swift in Sources */,
				3BC01C291E7F19DD00D2D23D /* HabitEntry.swift in Sources */,
				3BC01C2E1E7F28EB00D2D23D /* AddHabitViewController.swift in Sources */,
				3B29B9B51E797B3E000EF6BF /* Constants.swift in Sources */,
				3B29B9BA1E797BF8000EF6BF /* HabitCollectionViewCell.swift in Sources */,
			);
			runOnlyForDeploymentPostprocessing = 0;
		};
/* End PBXSourcesBuildPhase section */

/* Begin PBXVariantGroup section */
		3BA58E2E1E78EF0B0063A7FE /* LaunchScreen.storyboard */ = {
			isa = PBXVariantGroup;
			children = (
				3BA58E2F1E78EF0B0063A7FE /* Base */,
			);
			name = LaunchScreen.storyboard;
			sourceTree = "<group>";
		};
/* End PBXVariantGroup section */

/* Begin XCBuildConfiguration section */
		3BA58E321E78EF0B0063A7FE /* Debug */ = {
			isa = XCBuildConfiguration;
			buildSettings = {
				ALWAYS_SEARCH_USER_PATHS = NO;
				CLANG_ANALYZER_NONNULL = YES;
				CLANG_CXX_LANGUAGE_STANDARD = "gnu++0x";
				CLANG_CXX_LIBRARY = "libc++";
				CLANG_ENABLE_MODULES = YES;
				CLANG_ENABLE_OBJC_ARC = YES;
				CLANG_WARN_BOOL_CONVERSION = YES;
				CLANG_WARN_CONSTANT_CONVERSION = YES;
				CLANG_WARN_DIRECT_OBJC_ISA_USAGE = YES_ERROR;
				CLANG_WARN_DOCUMENTATION_COMMENTS = YES;
				CLANG_WARN_EMPTY_BODY = YES;
				CLANG_WARN_ENUM_CONVERSION = YES;
				CLANG_WARN_INFINITE_RECURSION = YES;
				CLANG_WARN_INT_CONVERSION = YES;
				CLANG_WARN_OBJC_ROOT_CLASS = YES_ERROR;
				CLANG_WARN_SUSPICIOUS_MOVE = YES;
				CLANG_WARN_UNREACHABLE_CODE = YES;
				CLANG_WARN__DUPLICATE_METHOD_MATCH = YES;
				"CODE_SIGN_IDENTITY[sdk=iphoneos*]" = "iPhone Developer";
				COPY_PHASE_STRIP = NO;
				DEBUG_INFORMATION_FORMAT = dwarf;
				ENABLE_STRICT_OBJC_MSGSEND = YES;
				ENABLE_TESTABILITY = YES;
				GCC_C_LANGUAGE_STANDARD = gnu99;
				GCC_DYNAMIC_NO_PIC = NO;
				GCC_NO_COMMON_BLOCKS = YES;
				GCC_OPTIMIZATION_LEVEL = 0;
				GCC_PREPROCESSOR_DEFINITIONS = (
					"DEBUG=1",
					"$(inherited)",
				);
				GCC_WARN_64_TO_32_BIT_CONVERSION = YES;
				GCC_WARN_ABOUT_RETURN_TYPE = YES_ERROR;
				GCC_WARN_UNDECLARED_SELECTOR = YES;
				GCC_WARN_UNINITIALIZED_AUTOS = YES_AGGRESSIVE;
				GCC_WARN_UNUSED_FUNCTION = YES;
				GCC_WARN_UNUSED_VARIABLE = YES;
				IPHONEOS_DEPLOYMENT_TARGET = 10.2;
				MTL_ENABLE_DEBUG_INFO = YES;
				ONLY_ACTIVE_ARCH = YES;
				SDKROOT = iphoneos;
				SWIFT_ACTIVE_COMPILATION_CONDITIONS = DEBUG;
				SWIFT_OPTIMIZATION_LEVEL = "-Onone";
			};
			name = Debug;
		};
		3BA58E331E78EF0B0063A7FE /* Release */ = {
			isa = XCBuildConfiguration;
			buildSettings = {
				ALWAYS_SEARCH_USER_PATHS = NO;
				CLANG_ANALYZER_NONNULL = YES;
				CLANG_CXX_LANGUAGE_STANDARD = "gnu++0x";
				CLANG_CXX_LIBRARY = "libc++";
				CLANG_ENABLE_MODULES = YES;
				CLANG_ENABLE_OBJC_ARC = YES;
				CLANG_WARN_BOOL_CONVERSION = YES;
				CLANG_WARN_CONSTANT_CONVERSION = YES;
				CLANG_WARN_DIRECT_OBJC_ISA_USAGE = YES_ERROR;
				CLANG_WARN_DOCUMENTATION_COMMENTS = YES;
				CLANG_WARN_EMPTY_BODY = YES;
				CLANG_WARN_ENUM_CONVERSION = YES;
				CLANG_WARN_INFINITE_RECURSION = YES;
				CLANG_WARN_INT_CONVERSION = YES;
				CLANG_WARN_OBJC_ROOT_CLASS = YES_ERROR;
				CLANG_WARN_SUSPICIOUS_MOVE = YES;
				CLANG_WARN_UNREACHABLE_CODE = YES;
				CLANG_WARN__DUPLICATE_METHOD_MATCH = YES;
				"CODE_SIGN_IDENTITY[sdk=iphoneos*]" = "iPhone Developer";
				COPY_PHASE_STRIP = NO;
				DEBUG_INFORMATION_FORMAT = "dwarf-with-dsym";
				ENABLE_NS_ASSERTIONS = NO;
				ENABLE_STRICT_OBJC_MSGSEND = YES;
				GCC_C_LANGUAGE_STANDARD = gnu99;
				GCC_NO_COMMON_BLOCKS = YES;
				GCC_WARN_64_TO_32_BIT_CONVERSION = YES;
				GCC_WARN_ABOUT_RETURN_TYPE = YES_ERROR;
				GCC_WARN_UNDECLARED_SELECTOR = YES;
				GCC_WARN_UNINITIALIZED_AUTOS = YES_AGGRESSIVE;
				GCC_WARN_UNUSED_FUNCTION = YES;
				GCC_WARN_UNUSED_VARIABLE = YES;
				IPHONEOS_DEPLOYMENT_TARGET = 10.2;
				MTL_ENABLE_DEBUG_INFO = NO;
				SDKROOT = iphoneos;
				SWIFT_OPTIMIZATION_LEVEL = "-Owholemodule";
				VALIDATE_PRODUCT = YES;
			};
			name = Release;
		};
		3BA58E351E78EF0B0063A7FE /* Debug */ = {
			isa = XCBuildConfiguration;
			buildSettings = {
				ASSETCATALOG_COMPILER_APPICON_NAME = AppIcon;
				DEVELOPMENT_TEAM = UX2RCP32D2;
				FRAMEWORK_SEARCH_PATHS = (
					"$(inherited)",
					"$(PROJECT_DIR)/Carthage/Build/iOS",
				);
				INFOPLIST_FILE = "slacker-tracker-swift/Info.plist";
				LD_RUNPATH_SEARCH_PATHS = "$(inherited) @executable_path/Frameworks";
				PRODUCT_BUNDLE_IDENTIFIER = "com.alexkatz.slacker-tracker-swift";
				PRODUCT_NAME = "$(TARGET_NAME)";
				SWIFT_VERSION = 3.0;
			};
			name = Debug;
		};
		3BA58E361E78EF0B0063A7FE /* Release */ = {
			isa = XCBuildConfiguration;
			buildSettings = {
				ASSETCATALOG_COMPILER_APPICON_NAME = AppIcon;
				DEVELOPMENT_TEAM = UX2RCP32D2;
				FRAMEWORK_SEARCH_PATHS = (
					"$(inherited)",
					"$(PROJECT_DIR)/Carthage/Build/iOS",
				);
				INFOPLIST_FILE = "slacker-tracker-swift/Info.plist";
				LD_RUNPATH_SEARCH_PATHS = "$(inherited) @executable_path/Frameworks";
				PRODUCT_BUNDLE_IDENTIFIER = "com.alexkatz.slacker-tracker-swift";
				PRODUCT_NAME = "$(TARGET_NAME)";
				SWIFT_VERSION = 3.0;
			};
			name = Release;
		};
/* End XCBuildConfiguration section */

/* Begin XCConfigurationList section */
		3BA58E1D1E78EF0B0063A7FE /* Build configuration list for PBXProject "slacker-tracker-swift" */ = {
			isa = XCConfigurationList;
			buildConfigurations = (
				3BA58E321E78EF0B0063A7FE /* Debug */,
				3BA58E331E78EF0B0063A7FE /* Release */,
			);
			defaultConfigurationIsVisible = 0;
			defaultConfigurationName = Release;
		};
		3BA58E341E78EF0B0063A7FE /* Build configuration list for PBXNativeTarget "slacker-tracker-swift" */ = {
			isa = XCConfigurationList;
			buildConfigurations = (
				3BA58E351E78EF0B0063A7FE /* Debug */,
				3BA58E361E78EF0B0063A7FE /* Release */,
			);
			defaultConfigurationIsVisible = 0;
			defaultConfigurationName = Release;
		};
/* End XCConfigurationList section */
	};
	rootObject = 3BA58E1A1E78EF0B0063A7FE /* Project object */;
}
